{
  "name": "algovision-prototype",
  "lockfileVersion": 3,
  "requires": true,
  "packages": {
    "": {
      "dependencies": {
        "@codemirror/theme-one-dark": "^6.1.2",
        "@fsegurai/codemirror-theme-bundle": "^6.2.0",
        "@uiw/codemirror-theme-darcula": "^4.23.13",
        "@uiw/codemirror-theme-material": "^4.23.13",
        "@uiw/codemirror-theme-vscode": "^4.23.13",
        "@uiw/codemirror-themes": "^4.23.13",
        "@uiw/react-codemirror": "^4.23.13",
        "codemirror": "^6.0.1"
      }
    },
    "node_modules/@babel/runtime": {
      "version": "7.27.6",
      "resolved": "https://registry.npmjs.org/@babel/runtime/-/runtime-7.27.6.tgz",
      "integrity": "sha512-vbavdySgbTTrmFE+EsiqUTzlOr5bzlnJtUv9PynGCAKvfQqjIXbvFdumPM/GxMDfyuGMJaJAU6TO4zc1Jf1i8Q==",
      "license": "MIT",
      "engines": {
        "node": ">=6.9.0"
      }
    },
    "node_modules/@codemirror/autocomplete": {
      "version": "6.18.6",
      "resolved": "https://registry.npmjs.org/@codemirror/autocomplete/-/autocomplete-6.18.6.tgz",
      "integrity": "sha512-PHHBXFomUs5DF+9tCOM/UoW6XQ4R44lLNNhRaW9PKPTU0D7lIjRg3ElxaJnTwsl/oHiR93WSXDBrekhoUGCPtg==",
      "license": "MIT",
      "dependencies": {
        "@codemirror/language": "^6.0.0",
        "@codemirror/state": "^6.0.0",
        "@codemirror/view": "^6.17.0",
        "@lezer/common": "^1.0.0"
      }
    },
    "node_modules/@codemirror/commands": {
      "version": "6.8.1",
      "resolved": "https://registry.npmjs.org/@codemirror/commands/-/commands-6.8.1.tgz",
      "integrity": "sha512-KlGVYufHMQzxbdQONiLyGQDUW0itrLZwq3CcY7xpv9ZLRHqzkBSoteocBHtMCoY7/Ci4xhzSrToIeLg7FxHuaw==",
      "license": "MIT",
      "dependencies": {
        "@codemirror/language": "^6.0.0",
        "@codemirror/state": "^6.4.0",
        "@codemirror/view": "^6.27.0",
        "@lezer/common": "^1.1.0"
      }
    },
    "node_modules/@codemirror/language": {
      "version": "6.11.1",
      "resolved": "https://registry.npmjs.org/@codemirror/language/-/language-6.11.1.tgz",
      "integrity": "sha512-5kS1U7emOGV84vxC+ruBty5sUgcD0te6dyupyRVG2zaSjhTDM73LhVKUtVwiqSe6QwmEoA4SCiU8AKPFyumAWQ==",
      "license": "MIT",
      "dependencies": {
        "@codemirror/state": "^6.0.0",
        "@codemirror/view": "^6.23.0",
        "@lezer/common": "^1.1.0",
        "@lezer/highlight": "^1.0.0",
        "@lezer/lr": "^1.0.0",
        "style-mod": "^4.0.0"
      }
    },
    "node_modules/@codemirror/lint": {
      "version": "6.8.5",
      "resolved": "https://registry.npmjs.org/@codemirror/lint/-/lint-6.8.5.tgz",
      "integrity": "sha512-s3n3KisH7dx3vsoeGMxsbRAgKe4O1vbrnKBClm99PU0fWxmxsx5rR2PfqQgIt+2MMJBHbiJ5rfIdLYfB9NNvsA==",
      "license": "MIT",
      "dependencies": {
        "@codemirror/state": "^6.0.0",
        "@codemirror/view": "^6.35.0",
        "crelt": "^1.0.5"
      }
    },
    "node_modules/@codemirror/search": {
      "version": "6.5.11",
      "resolved": "https://registry.npmjs.org/@codemirror/search/-/search-6.5.11.tgz",
      "integrity": "sha512-KmWepDE6jUdL6n8cAAqIpRmLPBZ5ZKnicE8oGU/s3QrAVID+0VhLFrzUucVKHG5035/BSykhExDL/Xm7dHthiA==",
      "license": "MIT",
      "dependencies": {
        "@codemirror/state": "^6.0.0",
        "@codemirror/view": "^6.0.0",
        "crelt": "^1.0.5"
      }
    },
    "node_modules/@codemirror/state": {
      "version": "6.5.2",
      "resolved": "https://registry.npmjs.org/@codemirror/state/-/state-6.5.2.tgz",
      "integrity": "sha512-FVqsPqtPWKVVL3dPSxy8wEF/ymIEuVzF1PK3VbUgrxXpJUSHQWWZz4JMToquRxnkw+36LTamCZG2iua2Ptq0fA==",
      "license": "MIT",
      "dependencies": {
        "@marijn/find-cluster-break": "^1.0.0"
      }
    },
    "node_modules/@codemirror/theme-one-dark": {
      "version": "6.1.2",
      "resolved": "https://registry.npmjs.org/@codemirror/theme-one-dark/-/theme-one-dark-6.1.2.tgz",
      "integrity": "sha512-F+sH0X16j/qFLMAfbciKTxVOwkdAS336b7AXTKOZhy8BR3eH/RelsnLgLFINrpST63mmN2OuwUt0W2ndUgYwUA==",
      "license": "MIT",
      "dependencies": {
        "@codemirror/language": "^6.0.0",
        "@codemirror/state": "^6.0.0",
        "@codemirror/view": "^6.0.0",
        "@lezer/highlight": "^1.0.0"
      }
    },
    "node_modules/@codemirror/view": {
      "version": "6.37.2",
      "resolved": "https://registry.npmjs.org/@codemirror/view/-/view-6.37.2.tgz",
      "integrity": "sha512-XD3LdgQpxQs5jhOOZ2HRVT+Rj59O4Suc7g2ULvZ+Yi8eCkickrkZ5JFuoDhs2ST1mNI5zSsNYgR3NGa4OUrbnw==",
      "license": "MIT",
      "dependencies": {
        "@codemirror/state": "^6.5.0",
        "crelt": "^1.0.6",
        "style-mod": "^4.1.0",
        "w3c-keyname": "^2.2.4"
      }
    },
    "node_modules/@fsegurai/codemirror-theme-abcdef": {
      "version": "6.2.0",
      "resolved": "https://registry.npmjs.org/@fsegurai/codemirror-theme-abcdef/-/codemirror-theme-abcdef-6.2.0.tgz",
      "integrity": "sha512-/MKY/FDRrkVrsxOkf9ushhFTgcoA8VNmqr7xEmfjwq85PcdiR5w/txXbBUGowa34KpScCeFGTrG+2L0CYmUVFg==",
      "license": "MIT",
      "peerDependencies": {
        "@codemirror/language": "^6.0.0",
        "@codemirror/state": "^6.0.0",
        "@codemirror/view": "^6.0.0",
        "@lezer/highlight": "^1.0.0"
      }
    },
    "node_modules/@fsegurai/codemirror-theme-abyss": {
      "version": "6.2.0",
      "resolved": "https://registry.npmjs.org/@fsegurai/codemirror-theme-abyss/-/codemirror-theme-abyss-6.2.0.tgz",
      "integrity": "sha512-ZLF60VBCo922bicL3hddnNF8SQgMz+b7pI5+A9fzQ+c3zsmVF8n2wmPxan0qIrkB8TRn3nUsz4aQjfhWir8UVw==",
      "license": "MIT",
      "peerDependencies": {
        "@codemirror/language": "^6.0.0",
        "@codemirror/state": "^6.0.0",
        "@codemirror/view": "^6.0.0",
        "@lezer/highlight": "^1.0.0"
      }
    },
    "node_modules/@fsegurai/codemirror-theme-android-studio": {
      "version": "6.2.0",
      "resolved": "https://registry.npmjs.org/@fsegurai/codemirror-theme-android-studio/-/codemirror-theme-android-studio-6.2.0.tgz",
      "integrity": "sha512-iI2jWZMqpxbffLiGZ0HnObpFHA3wAgVrZRU2IRbRyBPnnH+bO3kXKDvanCDH73odzGCFMINAQ837WHynjLhvaw==",
      "license": "MIT",
      "peerDependencies": {
        "@codemirror/language": "^6.0.0",
        "@codemirror/state": "^6.0.0",
        "@codemirror/view": "^6.0.0",
        "@lezer/highlight": "^1.0.0"
      }
    },
    "node_modules/@fsegurai/codemirror-theme-andromeda": {
      "version": "6.2.0",
      "resolved": "https://registry.npmjs.org/@fsegurai/codemirror-theme-andromeda/-/codemirror-theme-andromeda-6.2.0.tgz",
      "integrity": "sha512-5p2kYi9PuorG3BWBCgxphg9p14IUOWwbVCv4JTmI7gqBko0pIhqTSt1Q+N9aTQgaytZJC61zD3lWXfmD8K84vQ==",
      "license": "MIT",
      "peerDependencies": {
        "@codemirror/language": "^6.0.0",
        "@codemirror/state": "^6.0.0",
        "@codemirror/view": "^6.0.0",
        "@lezer/highlight": "^1.0.0"
      }
    },
    "node_modules/@fsegurai/codemirror-theme-basic-dark": {
      "version": "6.2.0",
      "resolved": "https://registry.npmjs.org/@fsegurai/codemirror-theme-basic-dark/-/codemirror-theme-basic-dark-6.2.0.tgz",
      "integrity": "sha512-C7EdTKdhVe7F4bsTU+z8W6eBIX75c/pGG103vPVciRsRp87ZjI7lolpo/mFBHoFEjF6Ijn+5X/MnKMxlH+wsQQ==",
      "license": "MIT",
      "peerDependencies": {
        "@codemirror/language": "^6.0.0",
        "@codemirror/state": "^6.0.0",
        "@codemirror/view": "^6.0.0",
        "@lezer/highlight": "^1.0.0"
      }
    },
    "node_modules/@fsegurai/codemirror-theme-basic-light": {
      "version": "6.2.0",
      "resolved": "https://registry.npmjs.org/@fsegurai/codemirror-theme-basic-light/-/codemirror-theme-basic-light-6.2.0.tgz",
      "integrity": "sha512-C1Gd7LxlFL/SsvCp5/KONjVb0e349IqoxY+HGkFnJ4v8KAfIzqDW/9an91T//pxSlrsn/CUrgpWKc0bwyU4c6Q==",
      "license": "MIT",
      "peerDependencies": {
        "@codemirror/language": "^6.0.0",
        "@codemirror/state": "^6.0.0",
        "@codemirror/view": "^6.0.0",
        "@lezer/highlight": "^1.0.0"
      }
    },
    "node_modules/@fsegurai/codemirror-theme-bundle": {
      "version": "6.2.0",
      "resolved": "https://registry.npmjs.org/@fsegurai/codemirror-theme-bundle/-/codemirror-theme-bundle-6.2.0.tgz",
      "integrity": "sha512-a0ri+d2zBLMUrKlkm1uJshI13IEzeT2zFdGtvjc4WEI/SwBDeN1ce+nNgyQtI/W8JksBlrsBBODckjjfkm2Ung==",
      "license": "MIT",
      "dependencies": {
        "@fsegurai/codemirror-theme-abcdef": "^6.2.0",
        "@fsegurai/codemirror-theme-abyss": "^6.2.0",
        "@fsegurai/codemirror-theme-android-studio": "^6.2.0",
        "@fsegurai/codemirror-theme-andromeda": "^6.2.0",
        "@fsegurai/codemirror-theme-basic-dark": "^6.2.0",
        "@fsegurai/codemirror-theme-basic-light": "^6.2.0",
        "@fsegurai/codemirror-theme-forest": "^6.2.0",
        "@fsegurai/codemirror-theme-github-dark": "^6.2.0",
        "@fsegurai/codemirror-theme-github-light": "^6.2.0",
        "@fsegurai/codemirror-theme-gruvbox-dark": "^6.2.0",
        "@fsegurai/codemirror-theme-gruvbox-light": "^6.2.0",
        "@fsegurai/codemirror-theme-material-dark": "^6.2.0",
        "@fsegurai/codemirror-theme-material-light": "^6.2.0",
        "@fsegurai/codemirror-theme-monokai": "^6.2.0",
        "@fsegurai/codemirror-theme-nord": "^6.2.0",
        "@fsegurai/codemirror-theme-palenight": "^6.2.0",
        "@fsegurai/codemirror-theme-solarized-dark": "^6.2.0",
        "@fsegurai/codemirror-theme-solarized-light": "^6.2.0",
        "@fsegurai/codemirror-theme-tokyo-night-day": "^6.2.0",
        "@fsegurai/codemirror-theme-tokyo-night-storm": "^6.2.0",
        "@fsegurai/codemirror-theme-volcano": "^6.2.0",
        "@fsegurai/codemirror-theme-vscode-dark": "^6.2.0",
        "@fsegurai/codemirror-theme-vscode-light": "^6.2.0"
      },
      "peerDependencies": {
        "@codemirror/language": "^6.0.0",
        "@codemirror/state": "^6.0.0",
        "@codemirror/view": "^6.0.0",
        "@lezer/highlight": "^1.0.0"
      }
    },
    "node_modules/@fsegurai/codemirror-theme-forest": {
      "version": "6.2.0",
      "resolved": "https://registry.npmjs.org/@fsegurai/codemirror-theme-forest/-/codemirror-theme-forest-6.2.0.tgz",
      "integrity": "sha512-/K1QFwJhBQCmd92cKraeTBkkcfPXbTC1bSvUcoODqtR//sqZF17rvd2wpU9633K81pmGbLVPHLwxcAnnXVr4VQ==",
      "license": "MIT",
      "peerDependencies": {
        "@codemirror/language": "^6.0.0",
        "@codemirror/state": "^6.0.0",
        "@codemirror/view": "^6.0.0",
        "@lezer/highlight": "^1.0.0"
      }
    },
    "node_modules/@fsegurai/codemirror-theme-github-dark": {
      "version": "6.2.0",
      "resolved": "https://registry.npmjs.org/@fsegurai/codemirror-theme-github-dark/-/codemirror-theme-github-dark-6.2.0.tgz",
      "integrity": "sha512-XmKajOLo6n/gzWmzw90tL8OkS06oEYBKbokJMrDZ6amBdKHxIE5bRC4pRklEs/avcwMvLuuzRDoEoAamMQvsIw==",
      "license": "MIT",
      "peerDependencies": {
        "@codemirror/language": "^6.0.0",
        "@codemirror/state": "^6.0.0",
        "@codemirror/view": "^6.0.0",
        "@lezer/highlight": "^1.0.0"
      }
    },
    "node_modules/@fsegurai/codemirror-theme-github-light": {
      "version": "6.2.0",
      "resolved": "https://registry.npmjs.org/@fsegurai/codemirror-theme-github-light/-/codemirror-theme-github-light-6.2.0.tgz",
      "integrity": "sha512-k6nFCSQnGVHGVpKjPv6Fz3krjAg+3bTmMYvIB8XwEEfsmlfaqQ5BJ3SALTgaMEQl9Oyj3OCtL9ZKvDElZoa6vQ==",
      "license": "MIT",
      "peerDependencies": {
        "@codemirror/language": "^6.0.0",
        "@codemirror/state": "^6.0.0",
        "@codemirror/view": "^6.0.0",
        "@lezer/highlight": "^1.0.0"
      }
    },
    "node_modules/@fsegurai/codemirror-theme-gruvbox-dark": {
      "version": "6.2.0",
      "resolved": "https://registry.npmjs.org/@fsegurai/codemirror-theme-gruvbox-dark/-/codemirror-theme-gruvbox-dark-6.2.0.tgz",
      "integrity": "sha512-AeQrgfP/6bometuQizMSaVbXv8ZAfyl31opL28dvcq4N1XasYTunCYom2FctGs0JWYEnLXzT3rOs+INwg69DLg==",
      "license": "MIT",
      "peerDependencies": {
        "@codemirror/language": "^6.0.0",
        "@codemirror/state": "^6.0.0",
        "@codemirror/view": "^6.0.0",
        "@lezer/highlight": "^1.0.0"
      }
    },
    "node_modules/@fsegurai/codemirror-theme-gruvbox-light": {
      "version": "6.2.0",
      "resolved": "https://registry.npmjs.org/@fsegurai/codemirror-theme-gruvbox-light/-/codemirror-theme-gruvbox-light-6.2.0.tgz",
      "integrity": "sha512-9iEIBHY8ADwaesp41dYSvUiz6gx0JjyQYnwQvALexObbFkHiRGOBWwFpTyMJa9CHcTKrGvVvlX9sg416IDMauQ==",
      "license": "MIT",
      "peerDependencies": {
        "@codemirror/language": "^6.0.0",
        "@codemirror/state": "^6.0.0",
        "@codemirror/view": "^6.0.0",
        "@lezer/highlight": "^1.0.0"
      }
    },
    "node_modules/@fsegurai/codemirror-theme-material-dark": {
      "version": "6.2.0",
      "resolved": "https://registry.npmjs.org/@fsegurai/codemirror-theme-material-dark/-/codemirror-theme-material-dark-6.2.0.tgz",
      "integrity": "sha512-lPy1HxZs6qWAXzwUMnJDo+aGvZbKvb4fyL0j+pQ1+YIVUjyzYESmq4HgsGKrkFk+OYRpqQ07kgowlrL0PO/UTw==",
      "license": "MIT",
      "peerDependencies": {
        "@codemirror/language": "^6.0.0",
        "@codemirror/state": "^6.0.0",
        "@codemirror/view": "^6.0.0",
        "@lezer/highlight": "^1.0.0"
      }
    },
    "node_modules/@fsegurai/codemirror-theme-material-light": {
      "version": "6.2.0",
      "resolved": "https://registry.npmjs.org/@fsegurai/codemirror-theme-material-light/-/codemirror-theme-material-light-6.2.0.tgz",
      "integrity": "sha512-tLLqnFShWTuoA3Y2lGOZQ3gtOOvIeU5221byAu4shFmMrIxwhHFZtJxJpRgq+q2t2jS3a8UTWucB6+xGxRn3Iw==",
      "license": "MIT",
      "peerDependencies": {
        "@codemirror/language": "^6.0.0",
        "@codemirror/state": "^6.0.0",
        "@codemirror/view": "^6.0.0",
        "@lezer/highlight": "^1.0.0"
      }
    },
    "node_modules/@fsegurai/codemirror-theme-monokai": {
      "version": "6.2.0",
      "resolved": "https://registry.npmjs.org/@fsegurai/codemirror-theme-monokai/-/codemirror-theme-monokai-6.2.0.tgz",
      "integrity": "sha512-AZmTQGn0JArnMwPXUn3yWlFxyr95DAFAi8ehuUcDTCZbTheoB2w/uRwPWN7li0zAUKi1H8FQbZ1K8+YGP6FXJw==",
      "license": "MIT",
      "peerDependencies": {
        "@codemirror/language": "^6.0.0",
        "@codemirror/state": "^6.0.0",
        "@codemirror/view": "^6.0.0",
        "@lezer/highlight": "^1.0.0"
      }
    },
    "node_modules/@fsegurai/codemirror-theme-nord": {
      "version": "6.2.0",
      "resolved": "https://registry.npmjs.org/@fsegurai/codemirror-theme-nord/-/codemirror-theme-nord-6.2.0.tgz",
      "integrity": "sha512-PoJSEIKpCxB9NA9ocvp/WZFleD2GSe1hqhh60MDSaKSFnGP0yydWl0V0vQshnJsgzXyAjQmCEaD3Ujhbl8624Q==",
      "license": "MIT",
      "peerDependencies": {
        "@codemirror/language": "^6.0.0",
        "@codemirror/state": "^6.0.0",
        "@codemirror/view": "^6.0.0",
        "@lezer/highlight": "^1.0.0"
      }
    },
    "node_modules/@fsegurai/codemirror-theme-palenight": {
      "version": "6.2.0",
      "resolved": "https://registry.npmjs.org/@fsegurai/codemirror-theme-palenight/-/codemirror-theme-palenight-6.2.0.tgz",
      "integrity": "sha512-8hOFcYyYhqhInZ7p4kyO4cfASps9E9HTw32g40HI9CFoC+z1Ip6vcI7BWAc74WBouvBLM7uO39gE8shnpvQ5jA==",
      "license": "MIT",
      "peerDependencies": {
        "@codemirror/language": "^6.0.0",
        "@codemirror/state": "^6.0.0",
        "@codemirror/view": "^6.0.0",
        "@lezer/highlight": "^1.0.0"
      }
    },
    "node_modules/@fsegurai/codemirror-theme-solarized-dark": {
      "version": "6.2.0",
      "resolved": "https://registry.npmjs.org/@fsegurai/codemirror-theme-solarized-dark/-/codemirror-theme-solarized-dark-6.2.0.tgz",
      "integrity": "sha512-4Jetr97zr4h1fTPmYN+uzIlvMcxVLfSg9YQHbj9zccIsFxgbuAg6oWw3QyvlOOnoTclU7JQd44o/4fSi5XyMEg==",
      "license": "MIT",
      "peerDependencies": {
        "@codemirror/language": "^6.0.0",
        "@codemirror/state": "^6.0.0",
        "@codemirror/view": "^6.0.0",
        "@lezer/highlight": "^1.0.0"
      }
    },
    "node_modules/@fsegurai/codemirror-theme-solarized-light": {
      "version": "6.2.0",
      "resolved": "https://registry.npmjs.org/@fsegurai/codemirror-theme-solarized-light/-/codemirror-theme-solarized-light-6.2.0.tgz",
      "integrity": "sha512-GFwucVQXl5fpP4Tlv6gTmj4kRw8+wgGem2be6YoeoYMvtvz7R0CZvxrswIYyBd1ZHcV3f9AduQ/ohMAKirePnQ==",
      "license": "MIT",
      "peerDependencies": {
        "@codemirror/language": "^6.0.0",
        "@codemirror/state": "^6.0.0",
        "@codemirror/view": "^6.0.0",
        "@lezer/highlight": "^1.0.0"
      }
    },
    "node_modules/@fsegurai/codemirror-theme-tokyo-night-day": {
      "version": "6.2.0",
      "resolved": "https://registry.npmjs.org/@fsegurai/codemirror-theme-tokyo-night-day/-/codemirror-theme-tokyo-night-day-6.2.0.tgz",
      "integrity": "sha512-mXu41FIX05S9f4O697jTHoea8pdu3RAv7ydOTqn4bA4JWD9vzmBU7CgKvOanZwgzr4MAuAs6HQJE6XYaesBpRw==",
      "license": "MIT",
      "peerDependencies": {
        "@codemirror/language": "^6.0.0",
        "@codemirror/state": "^6.0.0",
        "@codemirror/view": "^6.0.0",
        "@lezer/highlight": "^1.0.0"
      }
    },
    "node_modules/@fsegurai/codemirror-theme-tokyo-night-storm": {
      "version": "6.2.0",
      "resolved": "https://registry.npmjs.org/@fsegurai/codemirror-theme-tokyo-night-storm/-/codemirror-theme-tokyo-night-storm-6.2.0.tgz",
      "integrity": "sha512-q2/SFJNqlfzgMHIMU/TlxKf5i9aSZeaTO26BP24OIraRIDiTrt0YhW9947h952z8aXF00DMjfTNOqym4r5wVjw==",
      "license": "MIT",
      "peerDependencies": {
        "@codemirror/language": "^6.0.0",
        "@codemirror/state": "^6.0.0",
        "@codemirror/view": "^6.0.0",
        "@lezer/highlight": "^1.0.0"
      }
    },
    "node_modules/@fsegurai/codemirror-theme-volcano": {
      "version": "6.2.0",
      "resolved": "https://registry.npmjs.org/@fsegurai/codemirror-theme-volcano/-/codemirror-theme-volcano-6.2.0.tgz",
      "integrity": "sha512-AmAgywdD8cTN6eLrE8BlKEsazocLhlKyQ8vp5UwwrJtOAgc+TOK00xnmaz2fHVSdGpy1ocoir4EsyQOy1m4OFQ==",
      "license": "MIT",
      "peerDependencies": {
        "@codemirror/language": "^6.0.0",
        "@codemirror/state": "^6.0.0",
        "@codemirror/view": "^6.0.0",
        "@lezer/highlight": "^1.0.0"
      }
    },
    "node_modules/@fsegurai/codemirror-theme-vscode-dark": {
      "version": "6.2.0",
      "resolved": "https://registry.npmjs.org/@fsegurai/codemirror-theme-vscode-dark/-/codemirror-theme-vscode-dark-6.2.0.tgz",
      "integrity": "sha512-qXBAJ5CF22oS7TpOIoG+ODBYl/w1eaFWqP+jhbdSHQEydQJRaHU86J6s3RcW4UyBF3jUkrtC+Rp/p8pP7OnwFA==",
      "license": "MIT",
      "peerDependencies": {
        "@codemirror/language": "^6.0.0",
        "@codemirror/state": "^6.0.0",
        "@codemirror/view": "^6.0.0",
        "@lezer/highlight": "^1.0.0"
      }
    },
    "node_modules/@fsegurai/codemirror-theme-vscode-light": {
      "version": "6.2.0",
      "resolved": "https://registry.npmjs.org/@fsegurai/codemirror-theme-vscode-light/-/codemirror-theme-vscode-light-6.2.0.tgz",
      "integrity": "sha512-C2V5EPm0xqSNb3slqczf4s91Eo+KaATH7+Am3KXxSV/ilSiAFMoOuWIvXe0gq4nu+PhKFVKX+yy2+lp/8S1SYg==",
      "license": "MIT",
      "peerDependencies": {
        "@codemirror/language": "^6.0.0",
        "@codemirror/state": "^6.0.0",
        "@codemirror/view": "^6.0.0",
        "@lezer/highlight": "^1.0.0"
      }
    },
    "node_modules/@lezer/common": {
      "version": "1.2.3",
      "resolved": "https://registry.npmjs.org/@lezer/common/-/common-1.2.3.tgz",
      "integrity": "sha512-w7ojc8ejBqr2REPsWxJjrMFsA/ysDCFICn8zEOR9mrqzOu2amhITYuLD8ag6XZf0CFXDrhKqw7+tW8cX66NaDA==",
      "license": "MIT"
    },
    "node_modules/@lezer/highlight": {
      "version": "1.2.1",
      "resolved": "https://registry.npmjs.org/@lezer/highlight/-/highlight-1.2.1.tgz",
      "integrity": "sha512-Z5duk4RN/3zuVO7Jq0pGLJ3qynpxUVsh7IbUbGj88+uV2ApSAn6kWg2au3iJb+0Zi7kKtqffIESgNcRXWZWmSA==",
      "license": "MIT",
      "dependencies": {
        "@lezer/common": "^1.0.0"
      }
    },
    "node_modules/@lezer/lr": {
      "version": "1.4.2",
      "resolved": "https://registry.npmjs.org/@lezer/lr/-/lr-1.4.2.tgz",
      "integrity": "sha512-pu0K1jCIdnQ12aWNaAVU5bzi7Bd1w54J3ECgANPmYLtQKP0HBj2cE/5coBD66MT10xbtIuUr7tg0Shbsvk0mDA==",
      "license": "MIT",
      "dependencies": {
        "@lezer/common": "^1.0.0"
      }
    },
    "node_modules/@marijn/find-cluster-break": {
      "version": "1.0.2",
      "resolved": "https://registry.npmjs.org/@marijn/find-cluster-break/-/find-cluster-break-1.0.2.tgz",
      "integrity": "sha512-l0h88YhZFyKdXIFNfSWpyjStDjGHwZ/U7iobcK1cQQD8sejsONdQtTVU+1wVN1PBw40PiiHB1vA5S7VTfQiP9g==",
      "license": "MIT"
    },
    "node_modules/@uiw/codemirror-extensions-basic-setup": {
      "version": "4.23.13",
      "resolved": "https://registry.npmjs.org/@uiw/codemirror-extensions-basic-setup/-/codemirror-extensions-basic-setup-4.23.13.tgz",
      "integrity": "sha512-U1CnDFpq6ydNqrRDS5Bdnvgso8ezwwbrmKvmAD3hmoVyRDsDU6HTtmcV+w0rZ3kElUCkKI5lY0DMvTTQ4+L3RQ==",
      "license": "MIT",
      "dependencies": {
        "@codemirror/autocomplete": "^6.0.0",
        "@codemirror/commands": "^6.0.0",
        "@codemirror/language": "^6.0.0",
        "@codemirror/lint": "^6.0.0",
        "@codemirror/search": "^6.0.0",
        "@codemirror/state": "^6.0.0",
        "@codemirror/view": "^6.0.0"
      },
      "funding": {
        "url": "https://jaywcjlove.github.io/#/sponsor"
      },
      "peerDependencies": {
        "@codemirror/autocomplete": ">=6.0.0",
        "@codemirror/commands": ">=6.0.0",
        "@codemirror/language": ">=6.0.0",
        "@codemirror/lint": ">=6.0.0",
        "@codemirror/search": ">=6.0.0",
        "@codemirror/state": ">=6.0.0",
        "@codemirror/view": ">=6.0.0"
      }
    },
    "node_modules/@uiw/codemirror-theme-darcula": {
      "version": "4.23.13",
      "resolved": "https://registry.npmjs.org/@uiw/codemirror-theme-darcula/-/codemirror-theme-darcula-4.23.13.tgz",
      "integrity": "sha512-eQbKRuFlxJRgpRfikMQDCyG+bk9iGbCmKnKTDxP9/b0qlRP3dnF5mdAe2VqBNapxju0Cn+cy8Wu8s7z0GiYzWg==",
      "license": "MIT",
      "dependencies": {
        "@uiw/codemirror-themes": "4.23.13"
      },
      "funding": {
        "url": "https://jaywcjlove.github.io/#/sponsor"
      }
    },
    "node_modules/@uiw/codemirror-theme-material": {
      "version": "4.23.13",
      "resolved": "https://registry.npmjs.org/@uiw/codemirror-theme-material/-/codemirror-theme-material-4.23.13.tgz",
      "integrity": "sha512-UrAi2ETtmkf2oblJp1cGiMXl/+S/rsQL/TF6+J/jDN9+fXIsluSm1E5Odg6SCWzdhmNgfeS6OxMcdHfkftapnA==",
      "license": "MIT",
      "dependencies": {
        "@uiw/codemirror-themes": "4.23.13"
      },
      "funding": {
        "url": "https://jaywcjlove.github.io/#/sponsor"
      }
    },
    "node_modules/@uiw/codemirror-theme-vscode": {
      "version": "4.23.13",
      "resolved": "https://registry.npmjs.org/@uiw/codemirror-theme-vscode/-/codemirror-theme-vscode-4.23.13.tgz",
      "integrity": "sha512-Fn79r3NBMPP/hF9ui1e8VCyEjVbZ+rW2MIIGgq/LOkLXZSDXEZRa6NhRt991IuZ6e0R8bprrx3TGVQnkVfODbQ==",
      "license": "MIT",
      "dependencies": {
        "@uiw/codemirror-themes": "4.23.13"
      },
      "funding": {
        "url": "https://jaywcjlove.github.io/#/sponsor"
      }
    },
    "node_modules/@uiw/codemirror-themes": {
      "version": "4.23.13",
      "resolved": "https://registry.npmjs.org/@uiw/codemirror-themes/-/codemirror-themes-4.23.13.tgz",
      "integrity": "sha512-thk4X8VNl15XPoDiOXdkeMAIIHQOoc5lPfmgOvrhPXHzt4zvH5efLWBw3zgpwuOWF+Uk6sYrS0eumtsSO/kgcA==",
      "license": "MIT",
      "dependencies": {
        "@codemirror/language": "^6.0.0",
        "@codemirror/state": "^6.0.0",
        "@codemirror/view": "^6.0.0"
      },
      "funding": {
        "url": "https://jaywcjlove.github.io/#/sponsor"
      },
      "peerDependencies": {
        "@codemirror/language": ">=6.0.0",
        "@codemirror/state": ">=6.0.0",
        "@codemirror/view": ">=6.0.0"
      }
    },
    "node_modules/@uiw/react-codemirror": {
      "version": "4.23.13",
      "resolved": "https://registry.npmjs.org/@uiw/react-codemirror/-/react-codemirror-4.23.13.tgz",
      "integrity": "sha512-y65ULzxOAfpxrA/8epoAOeCfmJXu9z0P62BbGOkITJTtU7WI59KfPbbwj35npSsMAkAmDE841qZo2I8jst/THg==",
      "license": "MIT",
      "dependencies": {
        "@babel/runtime": "^7.18.6",
        "@codemirror/commands": "^6.1.0",
        "@codemirror/state": "^6.1.1",
        "@codemirror/theme-one-dark": "^6.0.0",
        "@uiw/codemirror-extensions-basic-setup": "4.23.13",
        "codemirror": "^6.0.0"
      },
      "funding": {
        "url": "https://jaywcjlove.github.io/#/sponsor"
      },
      "peerDependencies": {
        "@babel/runtime": ">=7.11.0",
        "@codemirror/state": ">=6.0.0",
        "@codemirror/theme-one-dark": ">=6.0.0",
        "@codemirror/view": ">=6.0.0",
        "codemirror": ">=6.0.0",
        "react": ">=16.8.0",
        "react-dom": ">=16.8.0"
      }
    },
    "node_modules/codemirror": {
      "version": "6.0.1",
      "resolved": "https://registry.npmjs.org/codemirror/-/codemirror-6.0.1.tgz",
      "integrity": "sha512-J8j+nZ+CdWmIeFIGXEFbFPtpiYacFMDR8GlHK3IyHQJMCaVRfGx9NT+Hxivv1ckLWPvNdZqndbr/7lVhrf/Svg==",
      "license": "MIT",
      "dependencies": {
        "@codemirror/autocomplete": "^6.0.0",
        "@codemirror/commands": "^6.0.0",
        "@codemirror/language": "^6.0.0",
        "@codemirror/lint": "^6.0.0",
        "@codemirror/search": "^6.0.0",
        "@codemirror/state": "^6.0.0",
        "@codemirror/view": "^6.0.0"
      }
    },
    "node_modules/crelt": {
      "version": "1.0.6",
      "resolved": "https://registry.npmjs.org/crelt/-/crelt-1.0.6.tgz",
      "integrity": "sha512-VQ2MBenTq1fWZUH9DJNGti7kKv6EeAuYr3cLwxUWhIu1baTaXh4Ib5W2CqHVqib4/MqbYGJqiL3Zb8GJZr3l4g==",
      "license": "MIT"
    },
    "node_modules/react": {
      "version": "19.1.0",
      "resolved": "https://registry.npmjs.org/react/-/react-19.1.0.tgz",
      "integrity": "sha512-FS+XFBNvn3GTAWq26joslQgWNoFu08F4kl0J4CgdNKADkdSGXQyTCnKteIAJy96Br6YbpEU1LSzV5dYtjMkMDg==",
      "license": "MIT",
      "peer": true,
      "engines": {
        "node": ">=0.10.0"
      }
    },
    "node_modules/react-dom": {
      "version": "19.1.0",
      "resolved": "https://registry.npmjs.org/react-dom/-/react-dom-19.1.0.tgz",
      "integrity": "sha512-Xs1hdnE+DyKgeHJeJznQmYMIBG3TKIHJJT95Q58nHLSrElKlGQqDTR2HQ9fx5CN/Gk6Vh/kupBTDLU11/nDk/g==",
      "license": "MIT",
      "peer": true,
      "dependencies": {
        "scheduler": "^0.26.0"
      },
      "peerDependencies": {
        "react": "^19.1.0"
      }
    },
    "node_modules/scheduler": {
      "version": "0.26.0",
      "resolved": "https://registry.npmjs.org/scheduler/-/scheduler-0.26.0.tgz",
      "integrity": "sha512-NlHwttCI/l5gCPR3D1nNXtWABUmBwvZpEQiD4IXSbIDq8BzLIK/7Ir5gTFSGZDUu37K5cMNp0hFtzO38sC7gWA==",
      "license": "MIT",
      "peer": true
    },
    "node_modules/style-mod": {
      "version": "4.1.2",
      "resolved": "https://registry.npmjs.org/style-mod/-/style-mod-4.1.2.tgz",
      "integrity": "sha512-wnD1HyVqpJUI2+eKZ+eo1UwghftP6yuFheBqqe+bWCotBjC2K1YnteJILRMs3SM4V/0dLEW1SC27MWP5y+mwmw==",
      "license": "MIT"
    },
    "node_modules/w3c-keyname": {
      "version": "2.2.8",
      "resolved": "https://registry.npmjs.org/w3c-keyname/-/w3c-keyname-2.2.8.tgz",
      "integrity": "sha512-dpojBhNsCNN7T82Tm7k26A6G9ML3NkhDsnw9n/eoxSRlVBB4CEtIQ/KTCLI2Fwf3ataSXRhYFkQi3SlnFwPvPQ==",
      "license": "MIT"
    }
  }
}
